
Microsoft Visual Studio Solution File, Format Version 12.00
# Visual Studio Version 16
VisualStudioVersion = 16.0.31729.503
MinimumVisualStudioVersion = 10.0.40219.1
Project("{8BC9CEB8-8B4A-11D0-8D11-00A0C91BC942}") = "NeuralNetwork2", "NeuralNetwork2.vcxproj", "{365CF1F1-8B80-4ECA-8B61-100D3C0F8695}"
EndProject
Global
	GlobalSection(SolutionConfigurationPlatforms) = preSolution
		Debug|x64 = Debug|x64
		Debug|x86 = Debug|x86
		Release|x64 = Release|x64
		Release|x86 = Release|x86
	EndGlobalSection
	GlobalSection(ProjectConfigurationPlatforms) = postSolution
		{365CF1F1-8B80-4ECA-8B61-100D3C0F8695}.Debug|x64.ActiveCfg = Debug|x64
		{365CF1F1-8B80-4ECA-8B61-100D3C0F8695}.Debug|x64.Build.0 = Debug|x64
		{365CF1F1-8B80-4ECA-8B61-100D3C0F8695}.Debug|x86.ActiveCfg = Debug|Win32
		{365CF1F1-8B80-4ECA-8B61-100D3C0F8695}.Debug|x86.Build.0 = Debug|Win32
		{365CF1F1-8B80-4ECA-8B61-100D3C0F8695}.Release|x64.ActiveCfg = Release|x64
		{365CF1F1-8B80-4ECA-8B61-100D3C0F8695}.Release|x64.Build.0 = Release|x64
		{365CF1F1-8B80-4ECA-8B61-100D3C0F8695}.Release|x86.ActiveCfg = Release|Win32
		{365CF1F1-8B80-4ECA-8B61-100D3C0F8695}.Release|x86.Build.0 = Release|Win32
	EndGlobalSection
	GlobalSection(SolutionProperties) = preSolution
		HideSolutionNode = FALSE
	EndGlobalSection
	GlobalSection(ExtensibilityGlobals) = postSolution
		SolutionGuid = {9D78EA5B-3CC0-41B0-A11F-0397F9B36E2A}
	EndGlobalSection
EndGlobal
